{
  "name": "io.cordova.hellocordova",
  "version": "1.0.0",
  "lockfileVersion": 1,
  "requires": true,
  "dependencies": {
    "cordova-plugin-ionic": {
      "version": "5.5.1",
      "resolved": "https://registry.npmjs.org/cordova-plugin-ionic/-/cordova-plugin-ionic-5.5.1.tgz",
      "integrity": "sha512-M9nxMMKpPV69PjTgvBACl/MAZ41wBL3M8+8jACA0wgwX+v8yUZFbx+h51pT3hBHGfZk17/ipyzPZxfOldDJbyg==",
      "dev": true,
      "requires": {
        "typescript": "3.8.3"
      }
    },
    "typescript": {
      "version": "3.8.3",
      "resolved": "https://registry.npmjs.org/typescript/-/typescript-3.8.3.tgz",
      "integrity": "sha512-MYlEfn5VrLNsgudQTVJeNaQFUAI7DkhnOjdpAp4T+ku1TfQClewlbSuTVHiA+8skNBgaf02TL/kLOvig4y3G8w==",
      "dev": true
    }
  }
}
